
Microsoft Visual Studio Solution File, Format Version 12.00
# Visual Studio Version 16
VisualStudioVersion = 16.0.31702.278
MinimumVisualStudioVersion = 10.0.40219.1
Project("{9A19103F-16F7-4668-BE54-9A1E7A4F7556}") = "AllMath", "AllMath\AllMath.csproj", "{2A9E38DC-5E3C-4972-B859-55D72C515B15}"
EndProject
Project("{2150E333-8FDC-42A3-9474-1A3956D46DE8}") = "Interfaces", "Interfaces", "{E50E30A1-BACE-4B6A-9CA0-0DFBB4F6B6A8}"
EndProject
Project("{FAE04EC0-301F-11D3-BF4B-00C04F79EFBC}") = "ClassLibrary", "ClassLibrary\ClassLibrary.csproj", "{1CE330D6-9E96-47BD-A735-D1477D92C624}"
EndProject
Project("{2150E333-8FDC-42A3-9474-1A3956D46DE8}") = "ClassLibrary", "ClassLibrary", "{0D6F3DC0-3A66-41C4-9C21-6358758BCA95}"
EndProject
Global
	GlobalSection(SolutionConfigurationPlatforms) = preSolution
		Debug|Any CPU = Debug|Any CPU
		Release|Any CPU = Release|Any CPU
	EndGlobalSection
	GlobalSection(ProjectConfigurationPlatforms) = postSolution
		{2A9E38DC-5E3C-4972-B859-55D72C515B15}.Debug|Any CPU.ActiveCfg = Debug|Any CPU
		{2A9E38DC-5E3C-4972-B859-55D72C515B15}.Debug|Any CPU.Build.0 = Debug|Any CPU
		{2A9E38DC-5E3C-4972-B859-55D72C515B15}.Release|Any CPU.ActiveCfg = Release|Any CPU
		{2A9E38DC-5E3C-4972-B859-55D72C515B15}.Release|Any CPU.Build.0 = Release|Any CPU
		{1CE330D6-9E96-47BD-A735-D1477D92C624}.Debug|Any CPU.ActiveCfg = Debug|Any CPU
		{1CE330D6-9E96-47BD-A735-D1477D92C624}.Debug|Any CPU.Build.0 = Debug|Any CPU
		{1CE330D6-9E96-47BD-A735-D1477D92C624}.Release|Any CPU.ActiveCfg = Release|Any CPU
		{1CE330D6-9E96-47BD-A735-D1477D92C624}.Release|Any CPU.Build.0 = Release|Any CPU
	EndGlobalSection
	GlobalSection(SolutionProperties) = preSolution
		HideSolutionNode = FALSE
	EndGlobalSection
	GlobalSection(NestedProjects) = preSolution
		{2A9E38DC-5E3C-4972-B859-55D72C515B15} = {E50E30A1-BACE-4B6A-9CA0-0DFBB4F6B6A8}
		{1CE330D6-9E96-47BD-A735-D1477D92C624} = {0D6F3DC0-3A66-41C4-9C21-6358758BCA95}
	EndGlobalSection
	GlobalSection(ExtensibilityGlobals) = postSolution
		SolutionGuid = {A1788CA6-547E-4E54-9A8C-8166A925718A}
	EndGlobalSection
EndGlobal
